
Microsoft Visual Studio Solution File, Format Version 12.00
# Visual Studio 15
VisualStudioVersion = 15.0.27428.2037
MinimumVisualStudioVersion = 10.0.40219.1
Project("{FAE04EC0-301F-11D3-BF4B-00C04F79EFBC}") = "Operators", "Operators\Operators.csproj", "{F224C4D9-290E-4F1F-B2B1-774A2D75B630}"
EndProject
Global
	GlobalSection(SolutionConfigurationPlatforms) = preSolution
		Debug|Any CPU = Debug|Any CPU
		Release|Any CPU = Release|Any CPU
	EndGlobalSection
	GlobalSection(ProjectConfigurationPlatforms) = postSolution
		{F224C4D9-290E-4F1F-B2B1-774A2D75B630}.Debug|Any CPU.ActiveCfg = Debug|Any CPU
		{F224C4D9-290E-4F1F-B2B1-774A2D75B630}.Debug|Any CPU.Build.0 = Debug|Any CPU
		{F224C4D9-290E-4F1F-B2B1-774A2D75B630}.Release|Any CPU.ActiveCfg = Release|Any CPU
		{F224C4D9-290E-4F1F-B2B1-774A2D75B630}.Release|Any CPU.Build.0 = Release|Any CPU
	EndGlobalSection
	GlobalSection(SolutionProperties) = preSolution
		HideSolutionNode = FALSE
	EndGlobalSection
	GlobalSection(ExtensibilityGlobals) = postSolution
		SolutionGuid = {23291706-5257-4C31-98E8-58CF3D4ADCFD}
	EndGlobalSection
EndGlobal
